// !$*UTF8*$!
{
	archiveVersion = 1;
	classes = {
	};
	objectVersion = 50;
	objects = {

/* Begin PBXBuildFile section */
		59C74723CF78181DB00BE982 /* Pods_ChannelChat.framework in Frameworks */ = {isa = PBXBuildFile; fileRef = 4607D86782E0160702266531 /* Pods_ChannelChat.framework */; };
		F4166528223DA2ED005CB072 /* AddChannelVC.swift in Sources */ = {isa = PBXBuildFile; fileRef = F4166526223DA2ED005CB072 /* AddChannelVC.swift */; };
		F4166529223DA2ED005CB072 /* AddChannelVC.xib in Resources */ = {isa = PBXBuildFile; fileRef = F4166527223DA2ED005CB072 /* AddChannelVC.xib */; };
		F416AD1F2223C51E00AA1899 /* RoundedButton.swift in Sources */ = {isa = PBXBuildFile; fileRef = F416AD1E2223C51E00AA1899 /* RoundedButton.swift */; };
		F4172D4F224D7833001445C6 /* Message.swift in Sources */ = {isa = PBXBuildFile; fileRef = F4172D4E224D7833001445C6 /* Message.swift */; };
		F41D53FC22249757001090C4 /* UserDataService.swift in Sources */ = {isa = PBXBuildFile; fileRef = F41D53FB22249757001090C4 /* UserDataService.swift */; };
		F41D53FE2224B1A7001090C4 /* AvatarVC.swift in Sources */ = {isa = PBXBuildFile; fileRef = F41D53FD2224B1A7001090C4 /* AvatarVC.swift */; };
		F41D54002225CBD7001090C4 /* AvatarCell.swift in Sources */ = {isa = PBXBuildFile; fileRef = F41D53FF2225CBD7001090C4 /* AvatarCell.swift */; };
		F4223EB9222DE555000FC00A /* ProfileVC.swift in Sources */ = {isa = PBXBuildFile; fileRef = F4223EB7222DE555000FC00A /* ProfileVC.swift */; };
		F4223EBA222DE555000FC00A /* ProfileVC.xib in Resources */ = {isa = PBXBuildFile; fileRef = F4223EB8222DE555000FC00A /* ProfileVC.xib */; };
		F4543727222E041D00A4E85B /* MessageService.swift in Sources */ = {isa = PBXBuildFile; fileRef = F4543726222E041D00A4E85B /* MessageService.swift */; };
		F4543729222E047500A4E85B /* Channel.swift in Sources */ = {isa = PBXBuildFile; fileRef = F4543728222E047500A4E85B /* Channel.swift */; };
		F454372B2231CC0800A4E85B /* ChannelCell.swift in Sources */ = {isa = PBXBuildFile; fileRef = F454372A2231CC0800A4E85B /* ChannelCell.swift */; };
		F47A9C7122416BA800575397 /* SocketService.swift in Sources */ = {isa = PBXBuildFile; fileRef = F47A9C7022416BA800575397 /* SocketService.swift */; };
		F49FFDD4221A6D9F0040BA9A /* AppDelegate.swift in Sources */ = {isa = PBXBuildFile; fileRef = F49FFDD3221A6D9F0040BA9A /* AppDelegate.swift */; };
		F49FFDD9221A6D9F0040BA9A /* Main.storyboard in Resources */ = {isa = PBXBuildFile; fileRef = F49FFDD7221A6D9F0040BA9A /* Main.storyboard */; };
		F49FFDDB221A6DA00040BA9A /* Assets.xcassets in Resources */ = {isa = PBXBuildFile; fileRef = F49FFDDA221A6DA00040BA9A /* Assets.xcassets */; };
		F49FFDDE221A6DA00040BA9A /* LaunchScreen.storyboard in Resources */ = {isa = PBXBuildFile; fileRef = F49FFDDC221A6DA00040BA9A /* LaunchScreen.storyboard */; };
		F4A954532223A8200058240B /* AuthService.swift in Sources */ = {isa = PBXBuildFile; fileRef = F4A954522223A8200058240B /* AuthService.swift */; };
		F4B76ABA221A810800EE5500 /* SWRevealViewController.m in Sources */ = {isa = PBXBuildFile; fileRef = F4B76AB9221A810800EE5500 /* SWRevealViewController.m */; };
		F4B76ABF221A893100EE5500 /* ChatVC.swift in Sources */ = {isa = PBXBuildFile; fileRef = F4B76ABE221A893100EE5500 /* ChatVC.swift */; };
		F4B76AC1221A894A00EE5500 /* ChannelVC.swift in Sources */ = {isa = PBXBuildFile; fileRef = F4B76AC0221A894A00EE5500 /* ChannelVC.swift */; };
		F4B76AC3221A99DD00EE5500 /* GradientView.swift in Sources */ = {isa = PBXBuildFile; fileRef = F4B76AC2221A99DD00EE5500 /* GradientView.swift */; };
		F4B76AC62221DF4C00EE5500 /* Constants.swift in Sources */ = {isa = PBXBuildFile; fileRef = F4B76AC52221DF4C00EE5500 /* Constants.swift */; };
		F4B76AC82221ED9400EE5500 /* LoginVC.swift in Sources */ = {isa = PBXBuildFile; fileRef = F4B76AC72221ED9400EE5500 /* LoginVC.swift */; };
		F4E8EAD82221F32400C33923 /* CreateAccountVC.swift in Sources */ = {isa = PBXBuildFile; fileRef = F4E8EAD72221F32400C33923 /* CreateAccountVC.swift */; };
/* End PBXBuildFile section */

/* Begin PBXFileReference section */
		4607D86782E0160702266531 /* Pods_ChannelChat.framework */ = {isa = PBXFileReference; explicitFileType = wrapper.framework; includeInIndex = 0; path = Pods_ChannelChat.framework; sourceTree = BUILT_PRODUCTS_DIR; };
		A8EBEC1B5B404884E21ED042 /* Pods-ChannelChat.release.xcconfig */ = {isa = PBXFileReference; includeInIndex = 1; lastKnownFileType = text.xcconfig; name = "Pods-ChannelChat.release.xcconfig"; path = "Pods/Target Support Files/Pods-ChannelChat/Pods-ChannelChat.release.xcconfig"; sourceTree = "<group>"; };
		CC1D45DED879928EC3D86F7D /* Pods-ChannelChat.debug.xcconfig */ = {isa = PBXFileReference; includeInIndex = 1; lastKnownFileType = text.xcconfig; name = "Pods-ChannelChat.debug.xcconfig"; path = "Pods/Target Support Files/Pods-ChannelChat/Pods-ChannelChat.debug.xcconfig"; sourceTree = "<group>"; };
		F4166526223DA2ED005CB072 /* AddChannelVC.swift */ = {isa = PBXFileReference; lastKnownFileType = sourcecode.swift; path = AddChannelVC.swift; sourceTree = "<group>"; };
		F4166527223DA2ED005CB072 /* AddChannelVC.xib */ = {isa = PBXFileReference; lastKnownFileType = file.xib; path = AddChannelVC.xib; sourceTree = "<group>"; };
		F416AD1E2223C51E00AA1899 /* RoundedButton.swift */ = {isa = PBXFileReference; lastKnownFileType = sourcecode.swift; path = RoundedButton.swift; sourceTree = "<group>"; };
		F4172D4E224D7833001445C6 /* Message.swift */ = {isa = PBXFileReference; lastKnownFileType = sourcecode.swift; path = Message.swift; sourceTree = "<group>"; };
		F41D53FB22249757001090C4 /* UserDataService.swift */ = {isa = PBXFileReference; lastKnownFileType = sourcecode.swift; path = UserDataService.swift; sourceTree = "<group>"; };
		F41D53FD2224B1A7001090C4 /* AvatarVC.swift */ = {isa = PBXFileReference; lastKnownFileType = sourcecode.swift; path = AvatarVC.swift; sourceTree = "<group>"; };
		F41D53FF2225CBD7001090C4 /* AvatarCell.swift */ = {isa = PBXFileReference; lastKnownFileType = sourcecode.swift; path = AvatarCell.swift; sourceTree = "<group>"; };
		F4223EB7222DE555000FC00A /* ProfileVC.swift */ = {isa = PBXFileReference; lastKnownFileType = sourcecode.swift; path = ProfileVC.swift; sourceTree = "<group>"; };
		F4223EB8222DE555000FC00A /* ProfileVC.xib */ = {isa = PBXFileReference; lastKnownFileType = file.xib; path = ProfileVC.xib; sourceTree = "<group>"; };
		F4543726222E041D00A4E85B /* MessageService.swift */ = {isa = PBXFileReference; lastKnownFileType = sourcecode.swift; path = MessageService.swift; sourceTree = "<group>"; };
		F4543728222E047500A4E85B /* Channel.swift */ = {isa = PBXFileReference; lastKnownFileType = sourcecode.swift; path = Channel.swift; sourceTree = "<group>"; };
		F454372A2231CC0800A4E85B /* ChannelCell.swift */ = {isa = PBXFileReference; lastKnownFileType = sourcecode.swift; path = ChannelCell.swift; sourceTree = "<group>"; };
		F47A9C7022416BA800575397 /* SocketService.swift */ = {isa = PBXFileReference; lastKnownFileType = sourcecode.swift; path = SocketService.swift; sourceTree = "<group>"; };
		F49FFDD0221A6D9F0040BA9A /* ChannelChat.app */ = {isa = PBXFileReference; explicitFileType = wrapper.application; includeInIndex = 0; path = ChannelChat.app; sourceTree = BUILT_PRODUCTS_DIR; };
		F49FFDD3221A6D9F0040BA9A /* AppDelegate.swift */ = {isa = PBXFileReference; lastKnownFileType = sourcecode.swift; path = AppDelegate.swift; sourceTree = "<group>"; };
		F49FFDD8221A6D9F0040BA9A /* Base */ = {isa = PBXFileReference; lastKnownFileType = file.storyboard; name = Base; path = Base.lproj/Main.storyboard; sourceTree = "<group>"; };
		F49FFDDA221A6DA00040BA9A /* Assets.xcassets */ = {isa = PBXFileReference; lastKnownFileType = folder.assetcatalog; path = Assets.xcassets; sourceTree = "<group>"; };
		F49FFDDD221A6DA00040BA9A /* Base */ = {isa = PBXFileReference; lastKnownFileType = file.storyboard; name = Base; path = Base.lproj/LaunchScreen.storyboard; sourceTree = "<group>"; };
		F49FFDDF221A6DA00040BA9A /* Info.plist */ = {isa = PBXFileReference; lastKnownFileType = text.plist.xml; path = Info.plist; sourceTree = "<group>"; };
		F4A954522223A8200058240B /* AuthService.swift */ = {isa = PBXFileReference; lastKnownFileType = sourcecode.swift; path = AuthService.swift; sourceTree = "<group>"; };
		F4B76AB6221A810600EE5500 /* ChannelChat-Bridging-Header.h */ = {isa = PBXFileReference; lastKnownFileType = sourcecode.c.h; path = "ChannelChat-Bridging-Header.h"; sourceTree = "<group>"; };
		F4B76AB8221A810700EE5500 /* SWRevealViewController.h */ = {isa = PBXFileReference; fileEncoding = 4; lastKnownFileType = sourcecode.c.h; path = SWRevealViewController.h; sourceTree = "<group>"; };
		F4B76AB9221A810800EE5500 /* SWRevealViewController.m */ = {isa = PBXFileReference; fileEncoding = 4; lastKnownFileType = sourcecode.c.objc; path = SWRevealViewController.m; sourceTree = "<group>"; };
		F4B76ABE221A893100EE5500 /* ChatVC.swift */ = {isa = PBXFileReference; lastKnownFileType = sourcecode.swift; path = ChatVC.swift; sourceTree = "<group>"; };
		F4B76AC0221A894A00EE5500 /* ChannelVC.swift */ = {isa = PBXFileReference; lastKnownFileType = sourcecode.swift; path = ChannelVC.swift; sourceTree = "<group>"; };
		F4B76AC2221A99DD00EE5500 /* GradientView.swift */ = {isa = PBXFileReference; lastKnownFileType = sourcecode.swift; path = GradientView.swift; sourceTree = "<group>"; };
		F4B76AC52221DF4C00EE5500 /* Constants.swift */ = {isa = PBXFileReference; lastKnownFileType = sourcecode.swift; path = Constants.swift; sourceTree = "<group>"; };
		F4B76AC72221ED9400EE5500 /* LoginVC.swift */ = {isa = PBXFileReference; lastKnownFileType = sourcecode.swift; path = LoginVC.swift; sourceTree = "<group>"; };
		F4E8EAD72221F32400C33923 /* CreateAccountVC.swift */ = {isa = PBXFileReference; lastKnownFileType = sourcecode.swift; path = CreateAccountVC.swift; sourceTree = "<group>"; };
/* End PBXFileReference section */

/* Begin PBXFrameworksBuildPhase section */
		F49FFDCD221A6D9F0040BA9A /* Frameworks */ = {
			isa = PBXFrameworksBuildPhase;
			buildActionMask = 2147483647;
			files = (
				59C74723CF78181DB00BE982 /* Pods_ChannelChat.framework in Frameworks */,
			);
			runOnlyForDeploymentPostprocessing = 0;
		};
/* End PBXFrameworksBuildPhase section */

/* Begin PBXGroup section */
		8FC384B9C2C51EC59A6F0328 /* Pods */ = {
			isa = PBXGroup;
			children = (
				CC1D45DED879928EC3D86F7D /* Pods-ChannelChat.debug.xcconfig */,
				A8EBEC1B5B404884E21ED042 /* Pods-ChannelChat.release.xcconfig */,
			);
			name = Pods;
			sourceTree = "<group>";
		};
		986DA34183980E3191D0DB69 /* Frameworks */ = {
			isa = PBXGroup;
			children = (
				4607D86782E0160702266531 /* Pods_ChannelChat.framework */,
			);
			name = Frameworks;
			sourceTree = "<group>";
		};
		F49FFDC7221A6D9F0040BA9A = {
			isa = PBXGroup;
			children = (
				F4A954512223A8010058240B /* Services */,
				F4A954502223A7F90058240B /* XIBs */,
				F49FFDD2221A6D9F0040BA9A /* ChannelChat */,
				F4B76AB1221A807800EE5500 /* Supporting Files */,
				F49FFDD1221A6D9F0040BA9A /* Products */,
				8FC384B9C2C51EC59A6F0328 /* Pods */,
				986DA34183980E3191D0DB69 /* Frameworks */,
			);
			sourceTree = "<group>";
		};
		F49FFDD1221A6D9F0040BA9A /* Products */ = {
			isa = PBXGroup;
			children = (
				F49FFDD0221A6D9F0040BA9A /* ChannelChat.app */,
			);
			name = Products;
			sourceTree = "<group>";
		};
		F49FFDD2221A6D9F0040BA9A /* ChannelChat */ = {
			isa = PBXGroup;
			children = (
				F4B76AC42221DF3A00EE5500 /* Utilities */,
				F4B76ABD221A88B200EE5500 /* Model */,
				F4B76ABC221A88A900EE5500 /* View */,
				F4B76ABB221A889C00EE5500 /* Controller */,
				F49FFDD3221A6D9F0040BA9A /* AppDelegate.swift */,
				F49FFDD7221A6D9F0040BA9A /* Main.storyboard */,
				F49FFDDA221A6DA00040BA9A /* Assets.xcassets */,
				F49FFDDC221A6DA00040BA9A /* LaunchScreen.storyboard */,
				F49FFDDF221A6DA00040BA9A /* Info.plist */,
			);
			path = ChannelChat;
			sourceTree = "<group>";
		};
		F4A954502223A7F90058240B /* XIBs */ = {
			isa = PBXGroup;
			children = (
				F4166527223DA2ED005CB072 /* AddChannelVC.xib */,
				F4223EB8222DE555000FC00A /* ProfileVC.xib */,
			);
			path = XIBs;
			sourceTree = "<group>";
		};
		F4A954512223A8010058240B /* Services */ = {
			isa = PBXGroup;
			children = (
				F41D53FB22249757001090C4 /* UserDataService.swift */,
				F47A9C7022416BA800575397 /* SocketService.swift */,
				F4543726222E041D00A4E85B /* MessageService.swift */,
				F4A954522223A8200058240B /* AuthService.swift */,
			);
			path = Services;
			sourceTree = "<group>";
		};
		F4B76AB1221A807800EE5500 /* Supporting Files */ = {
			isa = PBXGroup;
			children = (
				F4B76AB8221A810700EE5500 /* SWRevealViewController.h */,
				F4B76AB9221A810800EE5500 /* SWRevealViewController.m */,
				F4B76AB6221A810600EE5500 /* ChannelChat-Bridging-Header.h */,
			);
			path = "Supporting Files";
			sourceTree = "<group>";
		};
		F4B76ABB221A889C00EE5500 /* Controller */ = {
			isa = PBXGroup;
			children = (
				F4B76ABE221A893100EE5500 /* ChatVC.swift */,
				F4223EB7222DE555000FC00A /* ProfileVC.swift */,
				F4B76AC0221A894A00EE5500 /* ChannelVC.swift */,
				F4B76AC72221ED9400EE5500 /* LoginVC.swift */,
				F4E8EAD72221F32400C33923 /* CreateAccountVC.swift */,
				F41D53FD2224B1A7001090C4 /* AvatarVC.swift */,
				F4166526223DA2ED005CB072 /* AddChannelVC.swift */,
			);
			path = Controller;
			sourceTree = "<group>";
		};
		F4B76ABC221A88A900EE5500 /* View */ = {
			isa = PBXGroup;
			children = (
				F4B76AC2221A99DD00EE5500 /* GradientView.swift */,
				F416AD1E2223C51E00AA1899 /* RoundedButton.swift */,
				F41D53FF2225CBD7001090C4 /* AvatarCell.swift */,
				F454372A2231CC0800A4E85B /* ChannelCell.swift */,
			);
			path = View;
			sourceTree = "<group>";
		};
		F4B76ABD221A88B200EE5500 /* Model */ = {
			isa = PBXGroup;
			children = (
				F4543728222E047500A4E85B /* Channel.swift */,
				F4172D4E224D7833001445C6 /* Message.swift */,
			);
			path = Model;
			sourceTree = "<group>";
		};
		F4B76AC42221DF3A00EE5500 /* Utilities */ = {
			isa = PBXGroup;
			children = (
				F4B76AC52221DF4C00EE5500 /* Constants.swift */,
			);
			path = Utilities;
			sourceTree = "<group>";
		};
/* End PBXGroup section */

/* Begin PBXNativeTarget section */
		F49FFDCF221A6D9F0040BA9A /* ChannelChat */ = {
			isa = PBXNativeTarget;
			buildConfigurationList = F49FFDE2221A6DA00040BA9A /* Build configuration list for PBXNativeTarget "ChannelChat" */;
			buildPhases = (
				140A2357160A94ACDB7AF5D4 /* [CP] Check Pods Manifest.lock */,
				F49FFDCC221A6D9F0040BA9A /* Sources */,
				F49FFDCD221A6D9F0040BA9A /* Frameworks */,
				F49FFDCE221A6D9F0040BA9A /* Resources */,
				2FFB7720EE04C03A715687B4 /* [CP] Embed Pods Frameworks */,
			);
			buildRules = (
			);
			dependencies = (
			);
			name = ChannelChat;
			productName = ChannelChat;
			productReference = F49FFDD0221A6D9F0040BA9A /* ChannelChat.app */;
			productType = "com.apple.product-type.application";
		};
/* End PBXNativeTarget section */

/* Begin PBXProject section */
		F49FFDC8221A6D9F0040BA9A /* Project object */ = {
			isa = PBXProject;
			attributes = {
				LastSwiftUpdateCheck = 1010;
				LastUpgradeCheck = 1010;
				ORGANIZATIONNAME = "Agile Associates";
				TargetAttributes = {
					F49FFDCF221A6D9F0040BA9A = {
						CreatedOnToolsVersion = 10.1;
						LastSwiftMigration = 1010;
					};
				};
			};
			buildConfigurationList = F49FFDCB221A6D9F0040BA9A /* Build configuration list for PBXProject "ChannelChat" */;
			compatibilityVersion = "Xcode 9.3";
			developmentRegion = en;
			hasScannedForEncodings = 0;
			knownRegions = (
				en,
				Base,
			);
			mainGroup = F49FFDC7221A6D9F0040BA9A;
			productRefGroup = F49FFDD1221A6D9F0040BA9A /* Products */;
			projectDirPath = "";
			projectRoot = "";
			targets = (
				F49FFDCF221A6D9F0040BA9A /* ChannelChat */,
			);
		};
/* End PBXProject section */

/* Begin PBXResourcesBuildPhase section */
		F49FFDCE221A6D9F0040BA9A /* Resources */ = {
			isa = PBXResourcesBuildPhase;
			buildActionMask = 2147483647;
			files = (
				F4166529223DA2ED005CB072 /* AddChannelVC.xib in Resources */,
				F4223EBA222DE555000FC00A /* ProfileVC.xib in Resources */,
				F49FFDDE221A6DA00040BA9A /* LaunchScreen.storyboard in Resources */,
				F49FFDDB221A6DA00040BA9A /* Assets.xcassets in Resources */,
				F49FFDD9221A6D9F0040BA9A /* Main.storyboard in Resources */,
			);
			runOnlyForDeploymentPostprocessing = 0;
		};
/* End PBXResourcesBuildPhase section */

/* Begin PBXShellScriptBuildPhase section */
		140A2357160A94ACDB7AF5D4 /* [CP] Check Pods Manifest.lock */ = {
			isa = PBXShellScriptBuildPhase;
			buildActionMask = 2147483647;
			files = (
			);
			inputPaths = (
				"${PODS_PODFILE_DIR_PATH}/Podfile.lock",
				"${PODS_ROOT}/Manifest.lock",
			);
			name = "[CP] Check Pods Manifest.lock";
			outputPaths = (
				"$(DERIVED_FILE_DIR)/Pods-ChannelChat-checkManifestLockResult.txt",
			);
			runOnlyForDeploymentPostprocessing = 0;
			shellPath = /bin/sh;
			shellScript = "diff \"${PODS_PODFILE_DIR_PATH}/Podfile.lock\" \"${PODS_ROOT}/Manifest.lock\" > /dev/null\nif [ $? != 0 ] ; then\n    # print error to STDERR\n    echo \"error: The sandbox is not in sync with the Podfile.lock. Run 'pod install' or update your CocoaPods installation.\" >&2\n    exit 1\nfi\n# This output is used by Xcode 'outputs' to avoid re-running this script phase.\necho \"SUCCESS\" > \"${SCRIPT_OUTPUT_FILE_0}\"\n";
			showEnvVarsInLog = 0;
		};
		2FFB7720EE04C03A715687B4 /* [CP] Embed Pods Frameworks */ = {
			isa = PBXShellScriptBuildPhase;
			buildActionMask = 2147483647;
			files = (
			);
			inputPaths = (
				"${SRCROOT}/Pods/Target Support Files/Pods-ChannelChat/Pods-ChannelChat-frameworks.sh",
				"${BUILT_PRODUCTS_DIR}/Alamofire/Alamofire.framework",
				"${BUILT_PRODUCTS_DIR}/Socket.IO-Client-Swift/SocketIO.framework",
				"${BUILT_PRODUCTS_DIR}/Starscream/Starscream.framework",
				"${BUILT_PRODUCTS_DIR}/SwiftyJSON/SwiftyJSON.framework",
			);
			name = "[CP] Embed Pods Frameworks";
			outputPaths = (
				"${TARGET_BUILD_DIR}/${FRAMEWORKS_FOLDER_PATH}/Alamofire.framework",
				"${TARGET_BUILD_DIR}/${FRAMEWORKS_FOLDER_PATH}/SocketIO.framework",
				"${TARGET_BUILD_DIR}/${FRAMEWORKS_FOLDER_PATH}/Starscream.framework",
				"${TARGET_BUILD_DIR}/${FRAMEWORKS_FOLDER_PATH}/SwiftyJSON.framework",
			);
			runOnlyForDeploymentPostprocessing = 0;
			shellPath = /bin/sh;
			shellScript = "\"${SRCROOT}/Pods/Target Support Files/Pods-ChannelChat/Pods-ChannelChat-frameworks.sh\"\n";
			showEnvVarsInLog = 0;
		};
/* End PBXShellScriptBuildPhase section */

/* Begin PBXSourcesBuildPhase section */
		F49FFDCC221A6D9F0040BA9A /* Sources */ = {
			isa = PBXSourcesBuildPhase;
			buildActionMask = 2147483647;
			files = (
				F4B76AC1221A894A00EE5500 /* ChannelVC.swift in Sources */,
				F4543729222E047500A4E85B /* Channel.swift in Sources */,
				F41D53FE2224B1A7001090C4 /* AvatarVC.swift in Sources */,
				F4223EB9222DE555000FC00A /* ProfileVC.swift in Sources */,
				F416AD1F2223C51E00AA1899 /* RoundedButton.swift in Sources */,
				F4B76ABF221A893100EE5500 /* ChatVC.swift in Sources */,
				F4543727222E041D00A4E85B /* MessageService.swift in Sources */,
				F4E8EAD82221F32400C33923 /* CreateAccountVC.swift in Sources */,
				F4A954532223A8200058240B /* AuthService.swift in Sources */,
				F4B76AC3221A99DD00EE5500 /* GradientView.swift in Sources */,
				F49FFDD4221A6D9F0040BA9A /* AppDelegate.swift in Sources */,
				F4B76ABA221A810800EE5500 /* SWRevealViewController.m in Sources */,
				F4166528223DA2ED005CB072 /* AddChannelVC.swift in Sources */,
				F454372B2231CC0800A4E85B /* ChannelCell.swift in Sources */,
				F41D54002225CBD7001090C4 /* AvatarCell.swift in Sources */,
				F4B76AC62221DF4C00EE5500 /* Constants.swift in Sources */,
				F41D53FC22249757001090C4 /* UserDataService.swift in Sources */,
				F4172D4F224D7833001445C6 /* Message.swift in Sources */,
				F4B76AC82221ED9400EE5500 /* LoginVC.swift in Sources */,
				F47A9C7122416BA800575397 /* SocketService.swift in Sources */,
			);
			runOnlyForDeploymentPostprocessing = 0;
		};
/* End PBXSourcesBuildPhase section */

/* Begin PBXVariantGroup section */
		F49FFDD7221A6D9F0040BA9A /* Main.storyboard */ = {
			isa = PBXVariantGroup;
			children = (
				F49FFDD8221A6D9F0040BA9A /* Base */,
			);
			name = Main.storyboard;
			sourceTree = "<group>";
		};
		F49FFDDC221A6DA00040BA9A /* LaunchScreen.storyboard */ = {
			isa = PBXVariantGroup;
			children = (
				F49FFDDD221A6DA00040BA9A /* Base */,
			);
			name = LaunchScreen.storyboard;
			sourceTree = "<group>";
		};
/* End PBXVariantGroup section */

/* Begin XCBuildConfiguration section */
		F49FFDE0221A6DA00040BA9A /* Debug */ = {
			isa = XCBuildConfiguration;
			buildSettings = {
				ALWAYS_SEARCH_USER_PATHS = NO;
				CLANG_ANALYZER_NONNULL = YES;
				CLANG_ANALYZER_NUMBER_OBJECT_CONVERSION = YES_AGGRESSIVE;
				CLANG_CXX_LANGUAGE_STANDARD = "gnu++14";
				CLANG_CXX_LIBRARY = "libc++";
				CLANG_ENABLE_MODULES = YES;
				CLANG_ENABLE_OBJC_ARC = YES;
				CLANG_ENABLE_OBJC_WEAK = YES;
				CLANG_WARN_BLOCK_CAPTURE_AUTORELEASING = YES;
				CLANG_WARN_BOOL_CONVERSION = YES;
				CLANG_WARN_COMMA = YES;
				CLANG_WARN_CONSTANT_CONVERSION = YES;
				CLANG_WARN_DEPRECATED_OBJC_IMPLEMENTATIONS = YES;
				CLANG_WARN_DIRECT_OBJC_ISA_USAGE = YES_ERROR;
				CLANG_WARN_DOCUMENTATION_COMMENTS = YES;
				CLANG_WARN_EMPTY_BODY = YES;
				CLANG_WARN_ENUM_CONVERSION = YES;
				CLANG_WARN_INFINITE_RECURSION = YES;
				CLANG_WARN_INT_CONVERSION = YES;
				CLANG_WARN_NON_LITERAL_NULL_CONVERSION = YES;
				CLANG_WARN_OBJC_IMPLICIT_RETAIN_SELF = YES;
				CLANG_WARN_OBJC_LITERAL_CONVERSION = YES;
				CLANG_WARN_OBJC_ROOT_CLASS = YES_ERROR;
				CLANG_WARN_RANGE_LOOP_ANALYSIS = YES;
				CLANG_WARN_STRICT_PROTOTYPES = YES;
				CLANG_WARN_SUSPICIOUS_MOVE = YES;
				CLANG_WARN_UNGUARDED_AVAILABILITY = YES_AGGRESSIVE;
				CLANG_WARN_UNREACHABLE_CODE = YES;
				CLANG_WARN__DUPLICATE_METHOD_MATCH = YES;
				CODE_SIGN_IDENTITY = "iPhone Developer";
				COPY_PHASE_STRIP = NO;
				DEBUG_INFORMATION_FORMAT = dwarf;
				ENABLE_STRICT_OBJC_MSGSEND = YES;
				ENABLE_TESTABILITY = YES;
				GCC_C_LANGUAGE_STANDARD = gnu11;
				GCC_DYNAMIC_NO_PIC = NO;
				GCC_NO_COMMON_BLOCKS = YES;
				GCC_OPTIMIZATION_LEVEL = 0;
				GCC_PREPROCESSOR_DEFINITIONS = (
					"DEBUG=1",
					"$(inherited)",
				);
				GCC_WARN_64_TO_32_BIT_CONVERSION = YES;
				GCC_WARN_ABOUT_RETURN_TYPE = YES_ERROR;
				GCC_WARN_UNDECLARED_SELECTOR = YES;
				GCC_WARN_UNINITIALIZED_AUTOS = YES_AGGRESSIVE;
				GCC_WARN_UNUSED_FUNCTION = YES;
				GCC_WARN_UNUSED_VARIABLE = YES;
				IPHONEOS_DEPLOYMENT_TARGET = 12.1;
				MTL_ENABLE_DEBUG_INFO = INCLUDE_SOURCE;
				MTL_FAST_MATH = YES;
				ONLY_ACTIVE_ARCH = YES;
				SDKROOT = iphoneos;
				SWIFT_ACTIVE_COMPILATION_CONDITIONS = DEBUG;
				SWIFT_OPTIMIZATION_LEVEL = "-Onone";
			};
			name = Debug;
		};
		F49FFDE1221A6DA00040BA9A /* Release */ = {
			isa = XCBuildConfiguration;
			buildSettings = {
				ALWAYS_SEARCH_USER_PATHS = NO;
				CLANG_ANALYZER_NONNULL = YES;
				CLANG_ANALYZER_NUMBER_OBJECT_CONVERSION = YES_AGGRESSIVE;
				CLANG_CXX_LANGUAGE_STANDARD = "gnu++14";
				CLANG_CXX_LIBRARY = "libc++";
				CLANG_ENABLE_MODULES = YES;
				CLANG_ENABLE_OBJC_ARC = YES;
				CLANG_ENABLE_OBJC_WEAK = YES;
				CLANG_WARN_BLOCK_CAPTURE_AUTORELEASING = YES;
				CLANG_WARN_BOOL_CONVERSION = YES;
				CLANG_WARN_COMMA = YES;
				CLANG_WARN_CONSTANT_CONVERSION = YES;
				CLANG_WARN_DEPRECATED_OBJC_IMPLEMENTATIONS = YES;
				CLANG_WARN_DIRECT_OBJC_ISA_USAGE = YES_ERROR;
				CLANG_WARN_DOCUMENTATION_COMMENTS = YES;
				CLANG_WARN_EMPTY_BODY = YES;
				CLANG_WARN_ENUM_CONVERSION = YES;
				CLANG_WARN_INFINITE_RECURSION = YES;
				CLANG_WARN_INT_CONVERSION = YES;
				CLANG_WARN_NON_LITERAL_NULL_CONVERSION = YES;
				CLANG_WARN_OBJC_IMPLICIT_RETAIN_SELF = YES;
				CLANG_WARN_OBJC_LITERAL_CONVERSION = YES;
				CLANG_WARN_OBJC_ROOT_CLASS = YES_ERROR;
				CLANG_WARN_RANGE_LOOP_ANALYSIS = YES;
				CLANG_WARN_STRICT_PROTOTYPES = YES;
				CLANG_WARN_SUSPICIOUS_MOVE = YES;
				CLANG_WARN_UNGUARDED_AVAILABILITY = YES_AGGRESSIVE;
				CLANG_WARN_UNREACHABLE_CODE = YES;
				CLANG_WARN__DUPLICATE_METHOD_MATCH = YES;
				CODE_SIGN_IDENTITY = "iPhone Developer";
				COPY_PHASE_STRIP = NO;
				DEBUG_INFORMATION_FORMAT = "dwarf-with-dsym";
				ENABLE_NS_ASSERTIONS = NO;
				ENABLE_STRICT_OBJC_MSGSEND = YES;
				GCC_C_LANGUAGE_STANDARD = gnu11;
				GCC_NO_COMMON_BLOCKS = YES;
				GCC_WARN_64_TO_32_BIT_CONVERSION = YES;
				GCC_WARN_ABOUT_RETURN_TYPE = YES_ERROR;
				GCC_WARN_UNDECLARED_SELECTOR = YES;
				GCC_WARN_UNINITIALIZED_AUTOS = YES_AGGRESSIVE;
				GCC_WARN_UNUSED_FUNCTION = YES;
				GCC_WARN_UNUSED_VARIABLE = YES;
				IPHONEOS_DEPLOYMENT_TARGET = 12.1;
				MTL_ENABLE_DEBUG_INFO = NO;
				MTL_FAST_MATH = YES;
				SDKROOT = iphoneos;
				SWIFT_COMPILATION_MODE = wholemodule;
				SWIFT_OPTIMIZATION_LEVEL = "-O";
				VALIDATE_PRODUCT = YES;
			};
			name = Release;
		};
		F49FFDE3221A6DA00040BA9A /* Debug */ = {
			isa = XCBuildConfiguration;
			baseConfigurationReference = CC1D45DED879928EC3D86F7D /* Pods-ChannelChat.debug.xcconfig */;
			buildSettings = {
				ASSETCATALOG_COMPILER_APPICON_NAME = AppIcon;
				CLANG_ENABLE_MODULES = YES;
				CODE_SIGN_STYLE = Automatic;
				DEVELOPMENT_TEAM = 49R42J67L4;
				INFOPLIST_FILE = ChannelChat/Info.plist;
				LD_RUNPATH_SEARCH_PATHS = (
					"$(inherited)",
					"@executable_path/Frameworks",
				);
				PRODUCT_BUNDLE_IDENTIFIER = "Telegraph-Hill-Technology.ChannelChat";
				PRODUCT_NAME = "$(TARGET_NAME)";
				SWIFT_OBJC_BRIDGING_HEADER = "Supporting Files/ChannelChat-Bridging-Header.h";
				SWIFT_OPTIMIZATION_LEVEL = "-Onone";
				SWIFT_VERSION = 4.2;
				TARGETED_DEVICE_FAMILY = "1,2";
			};
			name = Debug;
		};
		F49FFDE4221A6DA00040BA9A /* Release */ = {
			isa = XCBuildConfiguration;
			baseConfigurationReference = A8EBEC1B5B404884E21ED042 /* Pods-ChannelChat.release.xcconfig */;
			buildSettings = {
				ASSETCATALOG_COMPILER_APPICON_NAME = AppIcon;
				CLANG_ENABLE_MODULES = YES;
				CODE_SIGN_STYLE = Automatic;
				DEVELOPMENT_TEAM = 49R42J67L4;
				INFOPLIST_FILE = ChannelChat/Info.plist;
				LD_RUNPATH_SEARCH_PATHS = (
					"$(inherited)",
					"@executable_path/Frameworks",
				);
				PRODUCT_BUNDLE_IDENTIFIER = "Telegraph-Hill-Technology.ChannelChat";
				PRODUCT_NAME = "$(TARGET_NAME)";
				SWIFT_OBJC_BRIDGING_HEADER = "Supporting Files/ChannelChat-Bridging-Header.h";
				SWIFT_VERSION = 4.2;
				TARGETED_DEVICE_FAMILY = "1,2";
			};
			name = Release;
		};
/* End XCBuildConfiguration section */

/* Begin XCConfigurationList section */
		F49FFDCB221A6D9F0040BA9A /* Build configuration list for PBXProject "ChannelChat" */ = {
			isa = XCConfigurationList;
			buildConfigurations = (
				F49FFDE0221A6DA00040BA9A /* Debug */,
				F49FFDE1221A6DA00040BA9A /* Release */,
			);
			defaultConfigurationIsVisible = 0;
			defaultConfigurationName = Release;
		};
		F49FFDE2221A6DA00040BA9A /* Build configuration list for PBXNativeTarget "ChannelChat" */ = {
			isa = XCConfigurationList;
			buildConfigurations = (
				F49FFDE3221A6DA00040BA9A /* Debug */,
				F49FFDE4221A6DA00040BA9A /* Release */,
			);
			defaultConfigurationIsVisible = 0;
			defaultConfigurationName = Release;
		};
/* End XCConfigurationList section */
	};
	rootObject = F49FFDC8221A6D9F0040BA9A /* Project object */;
}
